{
  "nodes": {
    "catppuccin": {
      "locked": {
        "lastModified": 1735028008,
        "narHash": "sha256-crbQNRVQgPH0hX5vZk8xL9JStXo74Es7zDBjRcc4i+A=",
        "owner": "catppuccin",
        "repo": "nix",
        "rev": "bfd20bcf45f1de0e97b551be51495abf8a727f1a",
        "type": "github"
      },
      "original": {
        "owner": "catppuccin",
        "repo": "nix",
        "type": "github"
      }
    },
    "home-manager": {
      "inputs": {
        "nixpkgs": [
          "nixpkgs"
        ]
      },
      "locked": {
        "lastModified": 1734366194,
        "narHash": "sha256-vykpJ1xsdkv0j8WOVXrRFHUAdp9NXHpxdnn1F4pYgSw=",
        "owner": "nix-community",
        "repo": "home-manager",
        "rev": "80b0fdf483c5d1cb75aaad909bd390d48673857f",
        "type": "github"
      },
      "original": {
        "owner": "nix-community",
        "ref": "release-24.11",
        "repo": "home-manager",
        "type": "github"
      }
    },
    "nixos-hardware": {
      "locked": {
        "lastModified": 1678092212,
        "narHash": "sha256-AC3I2xhs/2vfVOM0TP8MNIhDKOxdsLDRk94EuqGbNjo=",
        "owner": "NixOS",
        "repo": "nixos-hardware",
        "rev": "46d00f2b799ad6401e2f430b3fb3585d837b3bb3",
        "type": "github"
      },
      "original": {
        "owner": "NixOS",
        "ref": "46d00f2",
        "repo": "nixos-hardware",
        "type": "github"
      }
    },
    "nixpkgs": {
      "locked": {
        "lastModified": 1734991663,
        "narHash": "sha256-8T660guvdaOD+2/Cj970bWlQwAyZLKrrbkhYOFcY1YE=",
        "owner": "nixos",
        "repo": "nixpkgs",
        "rev": "6c90912761c43e22b6fb000025ab96dd31c971ff",
        "type": "github"
      },
      "original": {
        "owner": "nixos",
        "ref": "nixos-24.11",
        "repo": "nixpkgs",
        "type": "github"
      }
    },
    "root": {
      "inputs": {
        "catppuccin": "catppuccin",
        "home-manager": "home-manager",
        "nixos-hardware": "nixos-hardware",
        "nixpkgs": "nixpkgs"
      }
    }
  },
  "root": "root",
  "version": 7
}
